
Microsoft Visual Studio Solution File, Format Version 12.00
# Visual Studio Version 17
VisualStudioVersion = 17.11.35312.102
MinimumVisualStudioVersion = 10.0.40219.1
Project("{FAE04EC0-301F-11D3-BF4B-00C04F79EFBC}") = "KeepTrackAppUI", "KeepTrackAppUI.csproj", "{35B84698-FD1E-4FD9-8B83-9A8345696997}"
EndProject
Global
	GlobalSection(SolutionConfigurationPlatforms) = preSolution
		Debug|Any CPU = Debug|Any CPU
		Release|Any CPU = Release|Any CPU
	EndGlobalSection
	GlobalSection(ProjectConfigurationPlatforms) = postSolution
		{35B84698-FD1E-4FD9-8B83-9A8345696997}.Debug|Any CPU.ActiveCfg = Debug|Any CPU
		{35B84698-FD1E-4FD9-8B83-9A8345696997}.Debug|Any CPU.Build.0 = Debug|Any CPU
		{35B84698-FD1E-4FD9-8B83-9A8345696997}.Release|Any CPU.ActiveCfg = Release|Any CPU
		{35B84698-FD1E-4FD9-8B83-9A8345696997}.Release|Any CPU.Build.0 = Release|Any CPU
	EndGlobalSection
	GlobalSection(SolutionProperties) = preSolution
		HideSolutionNode = FALSE
	EndGlobalSection
	GlobalSection(ExtensibilityGlobals) = postSolution
		SolutionGuid = {825EE66A-4C93-4C57-91B5-A205B9ED726D}
	EndGlobalSection
EndGlobal
